
Microsoft Visual Studio Solution File, Format Version 12.00
# Visual Studio Version 17
VisualStudioVersion = 17.9.34622.214
MinimumVisualStudioVersion = 10.0.40219.1
Project("{9A19103F-16F7-4668-BE54-9A1E7A4F7556}") = "myapp", "myapp\myapp.csproj", "{B8AFECBE-4C73-48B6-83D1-162AEA2A728F}"
EndProject
Project("{9A19103F-16F7-4668-BE54-9A1E7A4F7556}") = "ConsoleTest", "ConsoleTest\ConsoleTest.csproj", "{5BC18F8A-8D6E-4069-9079-E1FAADB4E9C9}"
EndProject
Project("{FAE04EC0-301F-11D3-BF4B-00C04F79EFBC}") = "TestMyapp", "TestProject1\TestMyapp.csproj", "{37BFC049-45FC-4358-9663-D0407060DC07}"
EndProject
Global
	GlobalSection(SolutionConfigurationPlatforms) = preSolution
		Debug|Any CPU = Debug|Any CPU
		Debug|x64 = Debug|x64
		Debug|x86 = Debug|x86
		Release|Any CPU = Release|Any CPU
		Release|x64 = Release|x64
		Release|x86 = Release|x86
	EndGlobalSection
	GlobalSection(ProjectConfigurationPlatforms) = postSolution
		{B8AFECBE-4C73-48B6-83D1-162AEA2A728F}.Debug|Any CPU.ActiveCfg = Debug|Any CPU
		{B8AFECBE-4C73-48B6-83D1-162AEA2A728F}.Debug|Any CPU.Build.0 = Debug|Any CPU
		{B8AFECBE-4C73-48B6-83D1-162AEA2A728F}.Debug|x64.ActiveCfg = Debug|Any CPU
		{B8AFECBE-4C73-48B6-83D1-162AEA2A728F}.Debug|x64.Build.0 = Debug|Any CPU
		{B8AFECBE-4C73-48B6-83D1-162AEA2A728F}.Debug|x86.ActiveCfg = Debug|Any CPU
		{B8AFECBE-4C73-48B6-83D1-162AEA2A728F}.Debug|x86.Build.0 = Debug|Any CPU
		{B8AFECBE-4C73-48B6-83D1-162AEA2A728F}.Release|Any CPU.ActiveCfg = Release|Any CPU
		{B8AFECBE-4C73-48B6-83D1-162AEA2A728F}.Release|Any CPU.Build.0 = Release|Any CPU
		{B8AFECBE-4C73-48B6-83D1-162AEA2A728F}.Release|x64.ActiveCfg = Release|Any CPU
		{B8AFECBE-4C73-48B6-83D1-162AEA2A728F}.Release|x64.Build.0 = Release|Any CPU
		{B8AFECBE-4C73-48B6-83D1-162AEA2A728F}.Release|x86.ActiveCfg = Release|Any CPU
		{B8AFECBE-4C73-48B6-83D1-162AEA2A728F}.Release|x86.Build.0 = Release|Any CPU
		{5BC18F8A-8D6E-4069-9079-E1FAADB4E9C9}.Debug|Any CPU.ActiveCfg = Debug|Any CPU
		{5BC18F8A-8D6E-4069-9079-E1FAADB4E9C9}.Debug|Any CPU.Build.0 = Debug|Any CPU
		{5BC18F8A-8D6E-4069-9079-E1FAADB4E9C9}.Debug|x64.ActiveCfg = Debug|Any CPU
		{5BC18F8A-8D6E-4069-9079-E1FAADB4E9C9}.Debug|x64.Build.0 = Debug|Any CPU
		{5BC18F8A-8D6E-4069-9079-E1FAADB4E9C9}.Debug|x86.ActiveCfg = Debug|Any CPU
		{5BC18F8A-8D6E-4069-9079-E1FAADB4E9C9}.Debug|x86.Build.0 = Debug|Any CPU
		{5BC18F8A-8D6E-4069-9079-E1FAADB4E9C9}.Release|Any CPU.ActiveCfg = Release|Any CPU
		{5BC18F8A-8D6E-4069-9079-E1FAADB4E9C9}.Release|Any CPU.Build.0 = Release|Any CPU
		{5BC18F8A-8D6E-4069-9079-E1FAADB4E9C9}.Release|x64.ActiveCfg = Release|Any CPU
		{5BC18F8A-8D6E-4069-9079-E1FAADB4E9C9}.Release|x64.Build.0 = Release|Any CPU
		{5BC18F8A-8D6E-4069-9079-E1FAADB4E9C9}.Release|x86.ActiveCfg = Release|Any CPU
		{5BC18F8A-8D6E-4069-9079-E1FAADB4E9C9}.Release|x86.Build.0 = Release|Any CPU
		{37BFC049-45FC-4358-9663-D0407060DC07}.Debug|Any CPU.ActiveCfg = Debug|Any CPU
		{37BFC049-45FC-4358-9663-D0407060DC07}.Debug|Any CPU.Build.0 = Debug|Any CPU
		{37BFC049-45FC-4358-9663-D0407060DC07}.Debug|x64.ActiveCfg = Debug|Any CPU
		{37BFC049-45FC-4358-9663-D0407060DC07}.Debug|x64.Build.0 = Debug|Any CPU
		{37BFC049-45FC-4358-9663-D0407060DC07}.Debug|x86.ActiveCfg = Debug|Any CPU
		{37BFC049-45FC-4358-9663-D0407060DC07}.Debug|x86.Build.0 = Debug|Any CPU
		{37BFC049-45FC-4358-9663-D0407060DC07}.Release|Any CPU.ActiveCfg = Release|Any CPU
		{37BFC049-45FC-4358-9663-D0407060DC07}.Release|Any CPU.Build.0 = Release|Any CPU
		{37BFC049-45FC-4358-9663-D0407060DC07}.Release|x64.ActiveCfg = Release|Any CPU
		{37BFC049-45FC-4358-9663-D0407060DC07}.Release|x64.Build.0 = Release|Any CPU
		{37BFC049-45FC-4358-9663-D0407060DC07}.Release|x86.ActiveCfg = Release|Any CPU
		{37BFC049-45FC-4358-9663-D0407060DC07}.Release|x86.Build.0 = Release|Any CPU
	EndGlobalSection
	GlobalSection(SolutionProperties) = preSolution
		HideSolutionNode = FALSE
	EndGlobalSection
	GlobalSection(ExtensibilityGlobals) = postSolution
		SolutionGuid = {C8357AF3-910F-4349-97C2-E07EDC08F1EE}
	EndGlobalSection
EndGlobal
